// !$*UTF8*$!
{
	archiveVersion = 1;
	classes = {
	};
	objectVersion = 46;
	objects = {

/* Begin PBXBuildFile section */
		67D363421AAF871100A3E843 /* AppDelegate.swift in Sources */ = {isa = PBXBuildFile; fileRef = 67D363411AAF871100A3E843 /* AppDelegate.swift */; };
		67D363441AAF871100A3E843 /* ViewController.swift in Sources */ = {isa = PBXBuildFile; fileRef = 67D363431AAF871100A3E843 /* ViewController.swift */; };
		67D363471AAF871100A3E843 /* Main.storyboard in Resources */ = {isa = PBXBuildFile; fileRef = 67D363451AAF871100A3E843 /* Main.storyboard */; };
		67D363491AAF871100A3E843 /* Images.xcassets in Resources */ = {isa = PBXBuildFile; fileRef = 67D363481AAF871100A3E843 /* Images.xcassets */; };
		67D3634C1AAF871100A3E843 /* LaunchScreen.xib in Resources */ = {isa = PBXBuildFile; fileRef = 67D3634A1AAF871100A3E843 /* LaunchScreen.xib */; };
		67D363581AAF871100A3E843 /* Aula_3Tests.swift in Sources */ = {isa = PBXBuildFile; fileRef = 67D363571AAF871100A3E843 /* Aula_3Tests.swift */; };
		67D363631AAF930D00A3E843 /* Person.swift in Sources */ = {isa = PBXBuildFile; fileRef = 67D363621AAF930D00A3E843 /* Person.swift */; };
		67D363671AAF98B900A3E843 /* PersonCell.swift in Sources */ = {isa = PBXBuildFile; fileRef = 67D363661AAF98B900A3E843 /* PersonCell.swift */; };
/* End PBXBuildFile section */

/* Begin PBXContainerItemProxy section */
		67D363521AAF871100A3E843 /* PBXContainerItemProxy */ = {
			isa = PBXContainerItemProxy;
			containerPortal = 67D363341AAF871100A3E843 /* Project object */;
			proxyType = 1;
			remoteGlobalIDString = 67D3633B1AAF871100A3E843;
			remoteInfo = "Aula 3";
		};
/* End PBXContainerItemProxy section */

/* Begin PBXFileReference section */
		67D3633C1AAF871100A3E843 /* Aula 3.app */ = {isa = PBXFileReference; explicitFileType = wrapper.application; includeInIndex = 0; path = "Aula 3.app"; sourceTree = BUILT_PRODUCTS_DIR; };
		67D363401AAF871100A3E843 /* Info.plist */ = {isa = PBXFileReference; lastKnownFileType = text.plist.xml; path = Info.plist; sourceTree = "<group>"; };
		67D363411AAF871100A3E843 /* AppDelegate.swift */ = {isa = PBXFileReference; lastKnownFileType = sourcecode.swift; path = AppDelegate.swift; sourceTree = "<group>"; };
		67D363431AAF871100A3E843 /* ViewController.swift */ = {isa = PBXFileReference; lastKnownFileType = sourcecode.swift; path = ViewController.swift; sourceTree = "<group>"; };
		67D363461AAF871100A3E843 /* Base */ = {isa = PBXFileReference; lastKnownFileType = file.storyboard; name = Base; path = Base.lproj/Main.storyboard; sourceTree = "<group>"; };
		67D363481AAF871100A3E843 /* Images.xcassets */ = {isa = PBXFileReference; lastKnownFileType = folder.assetcatalog; path = Images.xcassets; sourceTree = "<group>"; };
		67D3634B1AAF871100A3E843 /* Base */ = {isa = PBXFileReference; lastKnownFileType = file.xib; name = Base; path = Base.lproj/LaunchScreen.xib; sourceTree = "<group>"; };
		67D363511AAF871100A3E843 /* Aula 3Tests.xctest */ = {isa = PBXFileReference; explicitFileType = wrapper.cfbundle; includeInIndex = 0; path = "Aula 3Tests.xctest"; sourceTree = BUILT_PRODUCTS_DIR; };
		67D363561AAF871100A3E843 /* Info.plist */ = {isa = PBXFileReference; lastKnownFileType = text.plist.xml; path = Info.plist; sourceTree = "<group>"; };
		67D363571AAF871100A3E843 /* Aula_3Tests.swift */ = {isa = PBXFileReference; lastKnownFileType = sourcecode.swift; path = Aula_3Tests.swift; sourceTree = "<group>"; };
		67D363621AAF930D00A3E843 /* Person.swift */ = {isa = PBXFileReference; fileEncoding = 4; lastKnownFileType = sourcecode.swift; path = Person.swift; sourceTree = "<group>"; };
		67D363661AAF98B900A3E843 /* PersonCell.swift */ = {isa = PBXFileReference; fileEncoding = 4; lastKnownFileType = sourcecode.swift; path = PersonCell.swift; sourceTree = "<group>"; };
/* End PBXFileReference section */

/* Begin PBXFrameworksBuildPhase section */
		67D363391AAF871100A3E843 /* Frameworks */ = {
			isa = PBXFrameworksBuildPhase;
			buildActionMask = 2147483647;
			files = (
			);
			runOnlyForDeploymentPostprocessing = 0;
		};
		67D3634E1AAF871100A3E843 /* Frameworks */ = {
			isa = PBXFrameworksBuildPhase;
			buildActionMask = 2147483647;
			files = (
			);
			runOnlyForDeploymentPostprocessing = 0;
		};
/* End PBXFrameworksBuildPhase section */

/* Begin PBXGroup section */
		67D363331AAF871100A3E843 = {
			isa = PBXGroup;
			children = (
				67D3633E1AAF871100A3E843 /* Aula 3 */,
				67D363541AAF871100A3E843 /* Aula 3Tests */,
				67D3633D1AAF871100A3E843 /* Products */,
			);
			sourceTree = "<group>";
		};
		67D3633D1AAF871100A3E843 /* Products */ = {
			isa = PBXGroup;
			children = (
				67D3633C1AAF871100A3E843 /* Aula 3.app */,
				67D363511AAF871100A3E843 /* Aula 3Tests.xctest */,
			);
			name = Products;
			sourceTree = "<group>";
		};
		67D3633E1AAF871100A3E843 /* Aula 3 */ = {
			isa = PBXGroup;
			children = (
				67D363611AAF92EA00A3E843 /* Models */,
				67D363411AAF871100A3E843 /* AppDelegate.swift */,
				67D363431AAF871100A3E843 /* ViewController.swift */,
				67D363451AAF871100A3E843 /* Main.storyboard */,
				67D363481AAF871100A3E843 /* Images.xcassets */,
				67D3634A1AAF871100A3E843 /* LaunchScreen.xib */,
				67D3633F1AAF871100A3E843 /* Supporting Files */,
				67D363661AAF98B900A3E843 /* PersonCell.swift */,
			);
			path = "Aula 3";
			sourceTree = "<group>";
		};
		67D3633F1AAF871100A3E843 /* Supporting Files */ = {
			isa = PBXGroup;
			children = (
				67D363401AAF871100A3E843 /* Info.plist */,
			);
			name = "Supporting Files";
			sourceTree = "<group>";
		};
		67D363541AAF871100A3E843 /* Aula 3Tests */ = {
			isa = PBXGroup;
			children = (
				67D363571AAF871100A3E843 /* Aula_3Tests.swift */,
				67D363551AAF871100A3E843 /* Supporting Files */,
			);
			path = "Aula 3Tests";
			sourceTree = "<group>";
		};
		67D363551AAF871100A3E843 /* Supporting Files */ = {
			isa = PBXGroup;
			children = (
				67D363561AAF871100A3E843 /* Info.plist */,
			);
			name = "Supporting Files";
			sourceTree = "<group>";
		};
		67D363611AAF92EA00A3E843 /* Models */ = {
			isa = PBXGroup;
			children = (
				67D363621AAF930D00A3E843 /* Person.swift */,
			);
			name = Models;
			sourceTree = "<group>";
		};
/* End PBXGroup section */

/* Begin PBXNativeTarget section */
		67D3633B1AAF871100A3E843 /* Aula 3 */ = {
			isa = PBXNativeTarget;
			buildConfigurationList = 67D3635B1AAF871100A3E843 /* Build configuration list for PBXNativeTarget "Aula 3" */;
			buildPhases = (
				67D363381AAF871100A3E843 /* Sources */,
				67D363391AAF871100A3E843 /* Frameworks */,
				67D3633A1AAF871100A3E843 /* Resources */,
			);
			buildRules = (
			);
			dependencies = (
			);
			name = "Aula 3";
			productName = "Aula 3";
			productReference = 67D3633C1AAF871100A3E843 /* Aula 3.app */;
			productType = "com.apple.product-type.application";
		};
		67D363501AAF871100A3E843 /* Aula 3Tests */ = {
			isa = PBXNativeTarget;
			buildConfigurationList = 67D3635E1AAF871100A3E843 /* Build configuration list for PBXNativeTarget "Aula 3Tests" */;
			buildPhases = (
				67D3634D1AAF871100A3E843 /* Sources */,
				67D3634E1AAF871100A3E843 /* Frameworks */,
				67D3634F1AAF871100A3E843 /* Resources */,
			);
			buildRules = (
			);
			dependencies = (
				67D363531AAF871100A3E843 /* PBXTargetDependency */,
			);
			name = "Aula 3Tests";
			productName = "Aula 3Tests";
			productReference = 67D363511AAF871100A3E843 /* Aula 3Tests.xctest */;
			productType = "com.apple.product-type.bundle.unit-test";
		};
/* End PBXNativeTarget section */

/* Begin PBXProject section */
		67D363341AAF871100A3E843 /* Project object */ = {
			isa = PBXProject;
			attributes = {
				LastUpgradeCheck = 0610;
				ORGANIZATIONNAME = "Think Mob";
				TargetAttributes = {
					67D3633B1AAF871100A3E843 = {
						CreatedOnToolsVersion = 6.1.1;
					};
					67D363501AAF871100A3E843 = {
						CreatedOnToolsVersion = 6.1.1;
						TestTargetID = 67D3633B1AAF871100A3E843;
					};
				};
			};
			buildConfigurationList = 67D363371AAF871100A3E843 /* Build configuration list for PBXProject "Aula 3" */;
			compatibilityVersion = "Xcode 3.2";
			developmentRegion = English;
			hasScannedForEncodings = 0;
			knownRegions = (
				en,
				Base,
			);
			mainGroup = 67D363331AAF871100A3E843;
			productRefGroup = 67D3633D1AAF871100A3E843 /* Products */;
			projectDirPath = "";
			projectRoot = "";
			targets = (
				67D3633B1AAF871100A3E843 /* Aula 3 */,
				67D363501AAF871100A3E843 /* Aula 3Tests */,
			);
		};
/* End PBXProject section */

/* Begin PBXResourcesBuildPhase section */
		67D3633A1AAF871100A3E843 /* Resources */ = {
			isa = PBXResourcesBuildPhase;
			buildActionMask = 2147483647;
			files = (
				67D363471AAF871100A3E843 /* Main.storyboard in Resources */,
				67D3634C1AAF871100A3E843 /* LaunchScreen.xib in Resources */,
				67D363491AAF871100A3E843 /* Images.xcassets in Resources */,
			);
			runOnlyForDeploymentPostprocessing = 0;
		};
		67D3634F1AAF871100A3E843 /* Resources */ = {
			isa = PBXResourcesBuildPhase;
			buildActionMask = 2147483647;
			files = (
			);
			runOnlyForDeploymentPostprocessing = 0;
		};
/* End PBXResourcesBuildPhase section */

/* Begin PBXSourcesBuildPhase section */
		67D363381AAF871100A3E843 /* Sources */ = {
			isa = PBXSourcesBuildPhase;
			buildActionMask = 2147483647;
			files = (
				67D363631AAF930D00A3E843 /* Person.swift in Sources */,
				67D363441AAF871100A3E843 /* ViewController.swift in Sources */,
				67D363671AAF98B900A3E843 /* PersonCell.swift in Sources */,
				67D363421AAF871100A3E843 /* AppDelegate.swift in Sources */,
			);
			runOnlyForDeploymentPostprocessing = 0;
		};
		67D3634D1AAF871100A3E843 /* Sources */ = {
			isa = PBXSourcesBuildPhase;
			buildActionMask = 2147483647;
			files = (
				67D363581AAF871100A3E843 /* Aula_3Tests.swift in Sources */,
			);
			runOnlyForDeploymentPostprocessing = 0;
		};
/* End PBXSourcesBuildPhase section */

/* Begin PBXTargetDependency section */
		67D363531AAF871100A3E843 /* PBXTargetDependency */ = {
			isa = PBXTargetDependency;
			target = 67D3633B1AAF871100A3E843 /* Aula 3 */;
			targetProxy = 67D363521AAF871100A3E843 /* PBXContainerItemProxy */;
		};
/* End PBXTargetDependency section */

/* Begin PBXVariantGroup section */
		67D363451AAF871100A3E843 /* Main.storyboard */ = {
			isa = PBXVariantGroup;
			children = (
				67D363461AAF871100A3E843 /* Base */,
			);
			name = Main.storyboard;
			sourceTree = "<group>";
		};
		67D3634A1AAF871100A3E843 /* LaunchScreen.xib */ = {
			isa = PBXVariantGroup;
			children = (
				67D3634B1AAF871100A3E843 /* Base */,
			);
			name = LaunchScreen.xib;
			sourceTree = "<group>";
		};
/* End PBXVariantGroup section */

/* Begin XCBuildConfiguration section */
		67D363591AAF871100A3E843 /* Debug */ = {
			isa = XCBuildConfiguration;
			buildSettings = {
				ALWAYS_SEARCH_USER_PATHS = NO;
				CLANG_CXX_LANGUAGE_STANDARD = "gnu++0x";
				CLANG_CXX_LIBRARY = "libc++";
				CLANG_ENABLE_MODULES = YES;
				CLANG_ENABLE_OBJC_ARC = YES;
				CLANG_WARN_BOOL_CONVERSION = YES;
				CLANG_WARN_CONSTANT_CONVERSION = YES;
				CLANG_WARN_DIRECT_OBJC_ISA_USAGE = YES_ERROR;
				CLANG_WARN_EMPTY_BODY = YES;
				CLANG_WARN_ENUM_CONVERSION = YES;
				CLANG_WARN_INT_CONVERSION = YES;
				CLANG_WARN_OBJC_ROOT_CLASS = YES_ERROR;
				CLANG_WARN_UNREACHABLE_CODE = YES;
				CLANG_WARN__DUPLICATE_METHOD_MATCH = YES;
				"CODE_SIGN_IDENTITY[sdk=iphoneos*]" = "iPhone Developer";
				COPY_PHASE_STRIP = NO;
				ENABLE_STRICT_OBJC_MSGSEND = YES;
				GCC_C_LANGUAGE_STANDARD = gnu99;
				GCC_DYNAMIC_NO_PIC = NO;
				GCC_OPTIMIZATION_LEVEL = 0;
				GCC_PREPROCESSOR_DEFINITIONS = (
					"DEBUG=1",
					"$(inherited)",
				);
				GCC_SYMBOLS_PRIVATE_EXTERN = NO;
				GCC_WARN_64_TO_32_BIT_CONVERSION = YES;
				GCC_WARN_ABOUT_RETURN_TYPE = YES_ERROR;
				GCC_WARN_UNDECLARED_SELECTOR = YES;
				GCC_WARN_UNINITIALIZED_AUTOS = YES_AGGRESSIVE;
				GCC_WARN_UNUSED_FUNCTION = YES;
				GCC_WARN_UNUSED_VARIABLE = YES;
				IPHONEOS_DEPLOYMENT_TARGET = 8.1;
				MTL_ENABLE_DEBUG_INFO = YES;
				ONLY_ACTIVE_ARCH = YES;
				SDKROOT = iphoneos;
				SWIFT_OPTIMIZATION_LEVEL = "-Onone";
			};
			name = Debug;
		};
		67D3635A1AAF871100A3E843 /* Release */ = {
			isa = XCBuildConfiguration;
			buildSettings = {
				ALWAYS_SEARCH_USER_PATHS = NO;
				CLANG_CXX_LANGUAGE_STANDARD = "gnu++0x";
				CLANG_CXX_LIBRARY = "libc++";
				CLANG_ENABLE_MODULES = YES;
				CLANG_ENABLE_OBJC_ARC = YES;
				CLANG_WARN_BOOL_CONVERSION = YES;
				CLANG_WARN_CONSTANT_CONVERSION = YES;
				CLANG_WARN_DIRECT_OBJC_ISA_USAGE = YES_ERROR;
				CLANG_WARN_EMPTY_BODY = YES;
				CLANG_WARN_ENUM_CONVERSION = YES;
				CLANG_WARN_INT_CONVERSION = YES;
				CLANG_WARN_OBJC_ROOT_CLASS = YES_ERROR;
				CLANG_WARN_UNREACHABLE_CODE = YES;
				CLANG_WARN__DUPLICATE_METHOD_MATCH = YES;
				"CODE_SIGN_IDENTITY[sdk=iphoneos*]" = "iPhone Developer";
				COPY_PHASE_STRIP = YES;
				ENABLE_NS_ASSERTIONS = NO;
				ENABLE_STRICT_OBJC_MSGSEND = YES;
				GCC_C_LANGUAGE_STANDARD = gnu99;
				GCC_WARN_64_TO_32_BIT_CONVERSION = YES;
				GCC_WARN_ABOUT_RETURN_TYPE = YES_ERROR;
				GCC_WARN_UNDECLARED_SELECTOR = YES;
				GCC_WARN_UNINITIALIZED_AUTOS = YES_AGGRESSIVE;
				GCC_WARN_UNUSED_FUNCTION = YES;
				GCC_WARN_UNUSED_VARIABLE = YES;
				IPHONEOS_DEPLOYMENT_TARGET = 8.1;
				MTL_ENABLE_DEBUG_INFO = NO;
				SDKROOT = iphoneos;
				VALIDATE_PRODUCT = YES;
			};
			name = Release;
		};
		67D3635C1AAF871100A3E843 /* Debug */ = {
			isa = XCBuildConfiguration;
			buildSettings = {
				ASSETCATALOG_COMPILER_APPICON_NAME = AppIcon;
				INFOPLIST_FILE = "Aula 3/Info.plist";
				LD_RUNPATH_SEARCH_PATHS = "$(inherited) @executable_path/Frameworks";
				PRODUCT_NAME = "$(TARGET_NAME)";
			};
			name = Debug;
		};
		67D3635D1AAF871100A3E843 /* Release */ = {
			isa = XCBuildConfiguration;
			buildSettings = {
				ASSETCATALOG_COMPILER_APPICON_NAME = AppIcon;
				INFOPLIST_FILE = "Aula 3/Info.plist";
				LD_RUNPATH_SEARCH_PATHS = "$(inherited) @executable_path/Frameworks";
				PRODUCT_NAME = "$(TARGET_NAME)";
			};
			name = Release;
		};
		67D3635F1AAF871100A3E843 /* Debug */ = {
			isa = XCBuildConfiguration;
			buildSettings = {
				BUNDLE_LOADER = "$(TEST_HOST)";
				FRAMEWORK_SEARCH_PATHS = (
					"$(SDKROOT)/Developer/Library/Frameworks",
					"$(inherited)",
				);
				GCC_PREPROCESSOR_DEFINITIONS = (
					"DEBUG=1",
					"$(inherited)",
				);
				INFOPLIST_FILE = "Aula 3Tests/Info.plist";
				LD_RUNPATH_SEARCH_PATHS = "$(inherited) @executable_path/Frameworks @loader_path/Frameworks";
				PRODUCT_NAME = "$(TARGET_NAME)";
				TEST_HOST = "$(BUILT_PRODUCTS_DIR)/Aula 3.app/Aula 3";
			};
			name = Debug;
		};
		67D363601AAF871100A3E843 /* Release */ = {
			isa = XCBuildConfiguration;
			buildSettings = {
				BUNDLE_LOADER = "$(TEST_HOST)";
				FRAMEWORK_SEARCH_PATHS = (
					"$(SDKROOT)/Developer/Library/Frameworks",
					"$(inherited)",
				);
				INFOPLIST_FILE = "Aula 3Tests/Info.plist";
				LD_RUNPATH_SEARCH_PATHS = "$(inherited) @executable_path/Frameworks @loader_path/Frameworks";
				PRODUCT_NAME = "$(TARGET_NAME)";
				TEST_HOST = "$(BUILT_PRODUCTS_DIR)/Aula 3.app/Aula 3";
			};
			name = Release;
		};
/* End XCBuildConfiguration section */

/* Begin XCConfigurationList section */
		67D363371AAF871100A3E843 /* Build configuration list for PBXProject "Aula 3" */ = {
			isa = XCConfigurationList;
			buildConfigurations = (
				67D363591AAF871100A3E843 /* Debug */,
				67D3635A1AAF871100A3E843 /* Release */,
			);
			defaultConfigurationIsVisible = 0;
			defaultConfigurationName = Release;
		};
		67D3635B1AAF871100A3E843 /* Build configuration list for PBXNativeTarget "Aula 3" */ = {
			isa = XCConfigurationList;
			buildConfigurations = (
				67D3635C1AAF871100A3E843 /* Debug */,
				67D3635D1AAF871100A3E843 /* Release */,
			);
			defaultConfigurationIsVisible = 0;
			defaultConfigurationName = Release;
		};
		67D3635E1AAF871100A3E843 /* Build configuration list for PBXNativeTarget "Aula 3Tests" */ = {
			isa = XCConfigurationList;
			buildConfigurations = (
				67D3635F1AAF871100A3E843 /* Debug */,
				67D363601AAF871100A3E843 /* Release */,
			);
			defaultConfigurationIsVisible = 0;
			defaultConfigurationName = Release;
		};
/* End XCConfigurationList section */
	};
	rootObject = 67D363341AAF871100A3E843 /* Project object */;
}
